
Microsoft Visual Studio Solution File, Format Version 12.00
# Visual Studio Version 17
VisualStudioVersion = 17.11.35327.3
MinimumVisualStudioVersion = 10.0.40219.1
Project("{FAE04EC0-301F-11D3-BF4B-00C04F79EFBC}") = "VoiceRecorder", "VoiceRecorder\VoiceRecorder.csproj", "{68D19060-E638-4454-BD92-0EF3BDD411AE}"
EndProject
Global
	GlobalSection(SolutionConfigurationPlatforms) = preSolution
		Debug|Any CPU = Debug|Any CPU
		Release|Any CPU = Release|Any CPU
	EndGlobalSection
	GlobalSection(ProjectConfigurationPlatforms) = postSolution
		{68D19060-E638-4454-BD92-0EF3BDD411AE}.Debug|Any CPU.ActiveCfg = Debug|Any CPU
		{68D19060-E638-4454-BD92-0EF3BDD411AE}.Debug|Any CPU.Build.0 = Debug|Any CPU
		{68D19060-E638-4454-BD92-0EF3BDD411AE}.Debug|Any CPU.Deploy.0 = Debug|Any CPU
		{68D19060-E638-4454-BD92-0EF3BDD411AE}.Release|Any CPU.ActiveCfg = Release|Any CPU
		{68D19060-E638-4454-BD92-0EF3BDD411AE}.Release|Any CPU.Build.0 = Release|Any CPU
		{68D19060-E638-4454-BD92-0EF3BDD411AE}.Release|Any CPU.Deploy.0 = Release|Any CPU
	EndGlobalSection
	GlobalSection(SolutionProperties) = preSolution
		HideSolutionNode = FALSE
	EndGlobalSection
	GlobalSection(ExtensibilityGlobals) = postSolution
		SolutionGuid = {46C2938B-CCC3-4850-BBB2-F1CCF13E9B31}
	EndGlobalSection
EndGlobal
